// !$*UTF8*$!
{
	archiveVersion = 1;
	classes = {
	};
	objectVersion = 77;
	objects = {

/* Begin PBXBuildFile section */
		09F323D47A96730B8584C7A7 /* ImagePreparer.swift in Sources */ = {isa = PBXBuildFile; fileRef = 3BE564DF757B5E5BFB8534C1 /* ImagePreparer.swift */; };
		130A2177A00B6BC4BCD6E3EF /* SettingsView.swift in Sources */ = {isa = PBXBuildFile; fileRef = F27AC789E5B1CE7C60C1A644 /* SettingsView.swift */; };
		3555513EC39B0D03C4797638 /* UploadQueueStore.swift in Sources */ = {isa = PBXBuildFile; fileRef = 89641E3BEA3AC64983BAEDBE /* UploadQueueStore.swift */; };
		35D02B202DD1084DF81795AA /* PhotoSelection.swift in Sources */ = {isa = PBXBuildFile; fileRef = BB556A9ECA2876981B156690 /* PhotoSelection.swift */; };
		487BB8CB088FA9FEF2C49F88 /* MobileAPIClientTests.swift in Sources */ = {isa = PBXBuildFile; fileRef = 17C13FB1693AC8EDFBAFF07E /* MobileAPIClientTests.swift */; };
		6ACBB1BB3C6BC658D51A0BB5 /* UploadCoordinator.swift in Sources */ = {isa = PBXBuildFile; fileRef = 673BFB3CF5754736C1CF01D9 /* UploadCoordinator.swift */; };
		6DF6AE1102FD822C943F814F /* UploadQueueStoreTests.swift in Sources */ = {isa = PBXBuildFile; fileRef = A5E9B543553C7865D4AB5DD6 /* UploadQueueStoreTests.swift */; };
		71C11DE2E686443205E6ED95 /* BackgroundUploader.swift in Sources */ = {isa = PBXBuildFile; fileRef = C593E5A71696A2A11BE7DEFA /* BackgroundUploader.swift */; };
		8842F378B7EAC85A131B8BFB /* MobileAPIClient.swift in Sources */ = {isa = PBXBuildFile; fileRef = F16457BB7277740D16B9D288 /* MobileAPIClient.swift */; };
		97FD3E974FDFAFE75185B7A4 /* PhotoInboxApp.swift in Sources */ = {isa = PBXBuildFile; fileRef = 04CFDDC9D2E3AAC96227E66F /* PhotoInboxApp.swift */; };
		99057B0889B20218B8550F54 /* PhotoLibrary.swift in Sources */ = {isa = PBXBuildFile; fileRef = 4828FFD0831C7037B81F58C0 /* PhotoLibrary.swift */; };
		A3ECA7881C421C1E402AB100 /* ImagePreparerTests.swift in Sources */ = {isa = PBXBuildFile; fileRef = 8CC3C5E40305AB8A4CF5650E /* ImagePreparerTests.swift */; };
		A6DE86C5CAFAC7AEE8D77DA0 /* Credentials.swift in Sources */ = {isa = PBXBuildFile; fileRef = F0EFD085D7B1C2409F13D455 /* Credentials.swift */; };
		DA071F6D12C7AFCE38684430 /* PhotoSelectionTests.swift in Sources */ = {isa = PBXBuildFile; fileRef = 433EA4E6EEB52379675BFC5F /* PhotoSelectionTests.swift */; };
		E75173C91B3553F38813D39F /* PhotoGridView.swift in Sources */ = {isa = PBXBuildFile; fileRef = 6E695CDFA49BD1A344193C1E /* PhotoGridView.swift */; };
/* End PBXBuildFile section */

/* Begin PBXContainerItemProxy section */
		4F2011272CCCE47C3284A4F4 /* PBXContainerItemProxy */ = {
			isa = PBXContainerItemProxy;
			containerPortal = B5262E24F858F8A39DC2DD6D /* Project object */;
			proxyType = 1;
			remoteGlobalIDString = 80C14D97524BBFC50536E92D;
			remoteInfo = PhotoInbox;
		};
/* End PBXContainerItemProxy section */

/* Begin PBXFileReference section */
		04CFDDC9D2E3AAC96227E66F /* PhotoInboxApp.swift */ = {isa = PBXFileReference; lastKnownFileType = sourcecode.swift; path = PhotoInboxApp.swift; sourceTree = "<group>"; };
		14F134C0C717DE81B8025C53 /* PhotoInboxTests.xctest */ = {isa = PBXFileReference; includeInIndex = 0; lastKnownFileType = wrapper.cfbundle; path = PhotoInboxTests.xctest; sourceTree = BUILT_PRODUCTS_DIR; };
		17C13FB1693AC8EDFBAFF07E /* MobileAPIClientTests.swift */ = {isa = PBXFileReference; lastKnownFileType = sourcecode.swift; path = MobileAPIClientTests.swift; sourceTree = "<group>"; };
		3A63A3523A56BB84933DB196 /* PhotoInbox.app */ = {isa = PBXFileReference; includeInIndex = 0; lastKnownFileType = wrapper.application; path = PhotoInbox.app; sourceTree = BUILT_PRODUCTS_DIR; };
		3BE564DF757B5E5BFB8534C1 /* ImagePreparer.swift */ = {isa = PBXFileReference; lastKnownFileType = sourcecode.swift; path = ImagePreparer.swift; sourceTree = "<group>"; };
		433EA4E6EEB52379675BFC5F /* PhotoSelectionTests.swift */ = {isa = PBXFileReference; lastKnownFileType = sourcecode.swift; path = PhotoSelectionTests.swift; sourceTree = "<group>"; };
		4828FFD0831C7037B81F58C0 /* PhotoLibrary.swift */ = {isa = PBXFileReference; lastKnownFileType = sourcecode.swift; path = PhotoLibrary.swift; sourceTree = "<group>"; };
		673BFB3CF5754736C1CF01D9 /* UploadCoordinator.swift */ = {isa = PBXFileReference; lastKnownFileType = sourcecode.swift; path = UploadCoordinator.swift; sourceTree = "<group>"; };
		6E695CDFA49BD1A344193C1E /* PhotoGridView.swift */ = {isa = PBXFileReference; lastKnownFileType = sourcecode.swift; path = PhotoGridView.swift; sourceTree = "<group>"; };
		89641E3BEA3AC64983BAEDBE /* UploadQueueStore.swift */ = {isa = PBXFileReference; lastKnownFileType = sourcecode.swift; path = UploadQueueStore.swift; sourceTree = "<group>"; };
		8CC3C5E40305AB8A4CF5650E /* ImagePreparerTests.swift */ = {isa = PBXFileReference; lastKnownFileType = sourcecode.swift; path = ImagePreparerTests.swift; sourceTree = "<group>"; };
		A5E9B543553C7865D4AB5DD6 /* UploadQueueStoreTests.swift */ = {isa = PBXFileReference; lastKnownFileType = sourcecode.swift; path = UploadQueueStoreTests.swift; sourceTree = "<group>"; };
		BB556A9ECA2876981B156690 /* PhotoSelection.swift */ = {isa = PBXFileReference; lastKnownFileType = sourcecode.swift; path = PhotoSelection.swift; sourceTree = "<group>"; };
		C593E5A71696A2A11BE7DEFA /* BackgroundUploader.swift */ = {isa = PBXFileReference; lastKnownFileType = sourcecode.swift; path = BackgroundUploader.swift; sourceTree = "<group>"; };
		C6402C5FB52E5355B3C4442B /* Info.plist */ = {isa = PBXFileReference; lastKnownFileType = text.plist; path = Info.plist; sourceTree = "<group>"; };
		F0EFD085D7B1C2409F13D455 /* Credentials.swift */ = {isa = PBXFileReference; lastKnownFileType = sourcecode.swift; path = Credentials.swift; sourceTree = "<group>"; };
		F16457BB7277740D16B9D288 /* MobileAPIClient.swift */ = {isa = PBXFileReference; lastKnownFileType = sourcecode.swift; path = MobileAPIClient.swift; sourceTree = "<group>"; };
		F27AC789E5B1CE7C60C1A644 /* SettingsView.swift */ = {isa = PBXFileReference; lastKnownFileType = sourcecode.swift; path = SettingsView.swift; sourceTree = "<group>"; };
/* End PBXFileReference section */

/* Begin PBXGroup section */
		0FC36690642E015453FD4AE4 /* PhotoInboxTests */ = {
			isa = PBXGroup;
			children = (
				8CC3C5E40305AB8A4CF5650E /* ImagePreparerTests.swift */,
				17C13FB1693AC8EDFBAFF07E /* MobileAPIClientTests.swift */,
				433EA4E6EEB52379675BFC5F /* PhotoSelectionTests.swift */,
				A5E9B543553C7865D4AB5DD6 /* UploadQueueStoreTests.swift */,
			);
			path = PhotoInboxTests;
			sourceTree = "<group>";
		};
		1BBDD22CDCD545B7ABB5F099 /* PhotoInbox */ = {
			isa = PBXGroup;
			children = (
				C593E5A71696A2A11BE7DEFA /* BackgroundUploader.swift */,
				F0EFD085D7B1C2409F13D455 /* Credentials.swift */,
				3BE564DF757B5E5BFB8534C1 /* ImagePreparer.swift */,
				C6402C5FB52E5355B3C4442B /* Info.plist */,
				F16457BB7277740D16B9D288 /* MobileAPIClient.swift */,
				6E695CDFA49BD1A344193C1E /* PhotoGridView.swift */,
				04CFDDC9D2E3AAC96227E66F /* PhotoInboxApp.swift */,
				4828FFD0831C7037B81F58C0 /* PhotoLibrary.swift */,
				BB556A9ECA2876981B156690 /* PhotoSelection.swift */,
				F27AC789E5B1CE7C60C1A644 /* SettingsView.swift */,
				673BFB3CF5754736C1CF01D9 /* UploadCoordinator.swift */,
				89641E3BEA3AC64983BAEDBE /* UploadQueueStore.swift */,
			);
			path = PhotoInbox;
			sourceTree = "<group>";
		};
		3A0C79ED75BF399D3395E5B0 = {
			isa = PBXGroup;
			children = (
				1BBDD22CDCD545B7ABB5F099 /* PhotoInbox */,
				0FC36690642E015453FD4AE4 /* PhotoInboxTests */,
				CB0623643981915081E42307 /* Products */,
			);
			sourceTree = "<group>";
		};
		CB0623643981915081E42307 /* Products */ = {
			isa = PBXGroup;
			children = (
				3A63A3523A56BB84933DB196 /* PhotoInbox.app */,
				14F134C0C717DE81B8025C53 /* PhotoInboxTests.xctest */,
			);
			name = Products;
			sourceTree = "<group>";
		};
/* End PBXGroup section */

/* Begin PBXNativeTarget section */
		80C14D97524BBFC50536E92D /* PhotoInbox */ = {
			isa = PBXNativeTarget;
			buildConfigurationList = A4A4322220DB591C32DC99B1 /* Build configuration list for PBXNativeTarget "PhotoInbox" */;
			buildPhases = (
				EC7F1E474199ADDDEF46A103 /* Sources */,
			);
			buildRules = (
			);
			dependencies = (
			);
			name = PhotoInbox;
			packageProductDependencies = (
			);
			productName = PhotoInbox;
			productReference = 3A63A3523A56BB84933DB196 /* PhotoInbox.app */;
			productType = "com.apple.product-type.application";
		};
		8A7C63E6F0A287511CDD86E0 /* PhotoInboxTests */ = {
			isa = PBXNativeTarget;
			buildConfigurationList = 05069DE35E759F746D1ABBD8 /* Build configuration list for PBXNativeTarget "PhotoInboxTests" */;
			buildPhases = (
				348FD58B5A6C1248D55E666D /* Sources */,
			);
			buildRules = (
			);
			dependencies = (
				0F27F51CC248C8C1B47F7481 /* PBXTargetDependency */,
			);
			name = PhotoInboxTests;
			packageProductDependencies = (
			);
			productName = PhotoInboxTests;
			productReference = 14F134C0C717DE81B8025C53 /* PhotoInboxTests.xctest */;
			productType = "com.apple.product-type.bundle.unit-test";
		};
/* End PBXNativeTarget section */

/* Begin PBXProject section */
		B5262E24F858F8A39DC2DD6D /* Project object */ = {
			isa = PBXProject;
			attributes = {
				BuildIndependentTargetsInParallel = YES;
				LastUpgradeCheck = 1430;
				TargetAttributes = {
					80C14D97524BBFC50536E92D = {
						DevelopmentTeam = QYP65434UW;
						ProvisioningStyle = Automatic;
					};
				};
			};
			buildConfigurationList = 6A7F5E1B4C41E98C64288263 /* Build configuration list for PBXProject "PhotoInbox" */;
			developmentRegion = en;
			hasScannedForEncodings = 0;
			knownRegions = (
				Base,
				en,
			);
			mainGroup = 3A0C79ED75BF399D3395E5B0;
			minimizedProjectReferenceProxies = 1;
			preferredProjectObjectVersion = 77;
			productRefGroup = CB0623643981915081E42307 /* Products */;
			projectDirPath = "";
			projectRoot = "";
			targets = (
				80C14D97524BBFC50536E92D /* PhotoInbox */,
				8A7C63E6F0A287511CDD86E0 /* PhotoInboxTests */,
			);
		};
/* End PBXProject section */

/* Begin PBXSourcesBuildPhase section */
		348FD58B5A6C1248D55E666D /* Sources */ = {
			isa = PBXSourcesBuildPhase;
			buildActionMask = 2147483647;
			files = (
				A3ECA7881C421C1E402AB100 /* ImagePreparerTests.swift in Sources */,
				487BB8CB088FA9FEF2C49F88 /* MobileAPIClientTests.swift in Sources */,
				DA071F6D12C7AFCE38684430 /* PhotoSelectionTests.swift in Sources */,
				6DF6AE1102FD822C943F814F /* UploadQueueStoreTests.swift in Sources */,
			);
			runOnlyForDeploymentPostprocessing = 0;
		};
		EC7F1E474199ADDDEF46A103 /* Sources */ = {
			isa = PBXSourcesBuildPhase;
			buildActionMask = 2147483647;
			files = (
				71C11DE2E686443205E6ED95 /* BackgroundUploader.swift in Sources */,
				A6DE86C5CAFAC7AEE8D77DA0 /* Credentials.swift in Sources */,
				09F323D47A96730B8584C7A7 /* ImagePreparer.swift in Sources */,
				8842F378B7EAC85A131B8BFB /* MobileAPIClient.swift in Sources */,
				E75173C91B3553F38813D39F /* PhotoGridView.swift in Sources */,
				97FD3E974FDFAFE75185B7A4 /* PhotoInboxApp.swift in Sources */,
				99057B0889B20218B8550F54 /* PhotoLibrary.swift in Sources */,
				35D02B202DD1084DF81795AA /* PhotoSelection.swift in Sources */,
				130A2177A00B6BC4BCD6E3EF /* SettingsView.swift in Sources */,
				6ACBB1BB3C6BC658D51A0BB5 /* UploadCoordinator.swift in Sources */,
				3555513EC39B0D03C4797638 /* UploadQueueStore.swift in Sources */,
			);
			runOnlyForDeploymentPostprocessing = 0;
		};
/* End PBXSourcesBuildPhase section */

/* Begin PBXTargetDependency section */
		0F27F51CC248C8C1B47F7481 /* PBXTargetDependency */ = {
			isa = PBXTargetDependency;
			target = 80C14D97524BBFC50536E92D /* PhotoInbox */;
			targetProxy = 4F2011272CCCE47C3284A4F4 /* PBXContainerItemProxy */;
		};
/* End PBXTargetDependency section */

/* Begin XCBuildConfiguration section */
		36A7F0BD75B9EA34F669B765 /* Debug */ = {
			isa = XCBuildConfiguration;
			buildSettings = {
				BUNDLE_LOADER = "$(TEST_HOST)";
				LD_RUNPATH_SEARCH_PATHS = (
					"$(inherited)",
					"@executable_path/Frameworks",
					"@loader_path/Frameworks",
				);
				PRODUCT_BUNDLE_IDENTIFIER = com.asonas.weblog.PhotoInboxTests;
				SDKROOT = iphoneos;
				TARGETED_DEVICE_FAMILY = "1,2";
				TEST_HOST = "$(BUILT_PRODUCTS_DIR)/PhotoInbox.app/PhotoInbox";
			};
			name = Debug;
		};
		614D421E52E97DAF8B843EB5 /* Debug */ = {
			isa = XCBuildConfiguration;
			buildSettings = {
				ALWAYS_SEARCH_USER_PATHS = NO;
				CLANG_ANALYZER_NONNULL = YES;
				CLANG_ANALYZER_NUMBER_OBJECT_CONVERSION = YES_AGGRESSIVE;
				CLANG_CXX_LANGUAGE_STANDARD = "gnu++14";
				CLANG_CXX_LIBRARY = "libc++";
				CLANG_ENABLE_MODULES = YES;
				CLANG_ENABLE_OBJC_ARC = YES;
				CLANG_ENABLE_OBJC_WEAK = YES;
				CLANG_WARN_BLOCK_CAPTURE_AUTORELEASING = YES;
				CLANG_WARN_BOOL_CONVERSION = YES;
				CLANG_WARN_COMMA = YES;
				CLANG_WARN_CONSTANT_CONVERSION = YES;
				CLANG_WARN_DEPRECATED_OBJC_IMPLEMENTATIONS = YES;
				CLANG_WARN_DIRECT_OBJC_ISA_USAGE = YES_ERROR;
				CLANG_WARN_DOCUMENTATION_COMMENTS = YES;
				CLANG_WARN_EMPTY_BODY = YES;
				CLANG_WARN_ENUM_CONVERSION = YES;
				CLANG_WARN_INFINITE_RECURSION = YES;
				CLANG_WARN_INT_CONVERSION = YES;
				CLANG_WARN_NON_LITERAL_NULL_CONVERSION = YES;
				CLANG_WARN_OBJC_IMPLICIT_RETAIN_SELF = YES;
				CLANG_WARN_OBJC_LITERAL_CONVERSION = YES;
				CLANG_WARN_OBJC_ROOT_CLASS = YES_ERROR;
				CLANG_WARN_QUOTED_INCLUDE_IN_FRAMEWORK_HEADER = YES;
				CLANG_WARN_RANGE_LOOP_ANALYSIS = YES;
				CLANG_WARN_STRICT_PROTOTYPES = YES;
				CLANG_WARN_SUSPICIOUS_MOVE = YES;
				CLANG_WARN_UNGUARDED_AVAILABILITY = YES_AGGRESSIVE;
				CLANG_WARN_UNREACHABLE_CODE = YES;
				CLANG_WARN__DUPLICATE_METHOD_MATCH = YES;
				COPY_PHASE_STRIP = NO;
				DEBUG_INFORMATION_FORMAT = dwarf;
				ENABLE_STRICT_OBJC_MSGSEND = YES;
				ENABLE_TESTABILITY = YES;
				GCC_C_LANGUAGE_STANDARD = gnu11;
				GCC_DYNAMIC_NO_PIC = NO;
				GCC_NO_COMMON_BLOCKS = YES;
				GCC_OPTIMIZATION_LEVEL = 0;
				GCC_PREPROCESSOR_DEFINITIONS = (
					"$(inherited)",
					"DEBUG=1",
				);
				GCC_WARN_64_TO_32_BIT_CONVERSION = YES;
				GCC_WARN_ABOUT_RETURN_TYPE = YES_ERROR;
				GCC_WARN_UNDECLARED_SELECTOR = YES;
				GCC_WARN_UNINITIALIZED_AUTOS = YES_AGGRESSIVE;
				GCC_WARN_UNUSED_FUNCTION = YES;
				GCC_WARN_UNUSED_VARIABLE = YES;
				IPHONEOS_DEPLOYMENT_TARGET = 18.0;
				MTL_ENABLE_DEBUG_INFO = INCLUDE_SOURCE;
				MTL_FAST_MATH = YES;
				ONLY_ACTIVE_ARCH = YES;
				PRODUCT_NAME = "$(TARGET_NAME)";
				SDKROOT = iphoneos;
				SWIFT_ACTIVE_COMPILATION_CONDITIONS = DEBUG;
				SWIFT_OPTIMIZATION_LEVEL = "-Onone";
				SWIFT_VERSION = 6.0;
			};
			name = Debug;
		};
		8134AB722C4D998EB41E4E65 /* Release */ = {
			isa = XCBuildConfiguration;
			buildSettings = {
				ASSETCATALOG_COMPILER_APPICON_NAME = AppIcon;
				CODE_SIGN_IDENTITY = "iPhone Developer";
				CODE_SIGN_STYLE = Automatic;
				DEVELOPMENT_TEAM = QYP65434UW;
				GENERATE_INFOPLIST_FILE = NO;
				INFOPLIST_FILE = PhotoInbox/Info.plist;
				LD_RUNPATH_SEARCH_PATHS = (
					"$(inherited)",
					"@executable_path/Frameworks",
				);
				PRODUCT_BUNDLE_IDENTIFIER = com.asonas.weblog.PhotoInbox;
				SDKROOT = iphoneos;
				TARGETED_DEVICE_FAMILY = 1;
			};
			name = Release;
		};
		88B4CCD5A3558A6B2B2222DA /* Release */ = {
			isa = XCBuildConfiguration;
			buildSettings = {
				ALWAYS_SEARCH_USER_PATHS = NO;
				CLANG_ANALYZER_NONNULL = YES;
				CLANG_ANALYZER_NUMBER_OBJECT_CONVERSION = YES_AGGRESSIVE;
				CLANG_CXX_LANGUAGE_STANDARD = "gnu++14";
				CLANG_CXX_LIBRARY = "libc++";
				CLANG_ENABLE_MODULES = YES;
				CLANG_ENABLE_OBJC_ARC = YES;
				CLANG_ENABLE_OBJC_WEAK = YES;
				CLANG_WARN_BLOCK_CAPTURE_AUTORELEASING = YES;
				CLANG_WARN_BOOL_CONVERSION = YES;
				CLANG_WARN_COMMA = YES;
				CLANG_WARN_CONSTANT_CONVERSION = YES;
				CLANG_WARN_DEPRECATED_OBJC_IMPLEMENTATIONS = YES;
				CLANG_WARN_DIRECT_OBJC_ISA_USAGE = YES_ERROR;
				CLANG_WARN_DOCUMENTATION_COMMENTS = YES;
				CLANG_WARN_EMPTY_BODY = YES;
				CLANG_WARN_ENUM_CONVERSION = YES;
				CLANG_WARN_INFINITE_RECURSION = YES;
				CLANG_WARN_INT_CONVERSION = YES;
				CLANG_WARN_NON_LITERAL_NULL_CONVERSION = YES;
				CLANG_WARN_OBJC_IMPLICIT_RETAIN_SELF = YES;
				CLANG_WARN_OBJC_LITERAL_CONVERSION = YES;
				CLANG_WARN_OBJC_ROOT_CLASS = YES_ERROR;
				CLANG_WARN_QUOTED_INCLUDE_IN_FRAMEWORK_HEADER = YES;
				CLANG_WARN_RANGE_LOOP_ANALYSIS = YES;
				CLANG_WARN_STRICT_PROTOTYPES = YES;
				CLANG_WARN_SUSPICIOUS_MOVE = YES;
				CLANG_WARN_UNGUARDED_AVAILABILITY = YES_AGGRESSIVE;
				CLANG_WARN_UNREACHABLE_CODE = YES;
				CLANG_WARN__DUPLICATE_METHOD_MATCH = YES;
				COPY_PHASE_STRIP = NO;
				DEBUG_INFORMATION_FORMAT = "dwarf-with-dsym";
				ENABLE_NS_ASSERTIONS = NO;
				ENABLE_STRICT_OBJC_MSGSEND = YES;
				GCC_C_LANGUAGE_STANDARD = gnu11;
				GCC_NO_COMMON_BLOCKS = YES;
				GCC_WARN_64_TO_32_BIT_CONVERSION = YES;
				GCC_WARN_ABOUT_RETURN_TYPE = YES_ERROR;
				GCC_WARN_UNDECLARED_SELECTOR = YES;
				GCC_WARN_UNINITIALIZED_AUTOS = YES_AGGRESSIVE;
				GCC_WARN_UNUSED_FUNCTION = YES;
				GCC_WARN_UNUSED_VARIABLE = YES;
				IPHONEOS_DEPLOYMENT_TARGET = 18.0;
				MTL_ENABLE_DEBUG_INFO = NO;
				MTL_FAST_MATH = YES;
				PRODUCT_NAME = "$(TARGET_NAME)";
				SDKROOT = iphoneos;
				SWIFT_COMPILATION_MODE = wholemodule;
				SWIFT_OPTIMIZATION_LEVEL = "-O";
				SWIFT_VERSION = 6.0;
			};
			name = Release;
		};
		95CCAD3C031296A0BE357C1C /* Release */ = {
			isa = XCBuildConfiguration;
			buildSettings = {
				BUNDLE_LOADER = "$(TEST_HOST)";
				LD_RUNPATH_SEARCH_PATHS = (
					"$(inherited)",
					"@executable_path/Frameworks",
					"@loader_path/Frameworks",
				);
				PRODUCT_BUNDLE_IDENTIFIER = com.asonas.weblog.PhotoInboxTests;
				SDKROOT = iphoneos;
				TARGETED_DEVICE_FAMILY = "1,2";
				TEST_HOST = "$(BUILT_PRODUCTS_DIR)/PhotoInbox.app/PhotoInbox";
			};
			name = Release;
		};
		CF6E3B470A5090E28D83C33F /* Debug */ = {
			isa = XCBuildConfiguration;
			buildSettings = {
				ASSETCATALOG_COMPILER_APPICON_NAME = AppIcon;
				CODE_SIGN_IDENTITY = "iPhone Developer";
				CODE_SIGN_STYLE = Automatic;
				DEVELOPMENT_TEAM = QYP65434UW;
				GENERATE_INFOPLIST_FILE = NO;
				INFOPLIST_FILE = PhotoInbox/Info.plist;
				LD_RUNPATH_SEARCH_PATHS = (
					"$(inherited)",
					"@executable_path/Frameworks",
				);
				PRODUCT_BUNDLE_IDENTIFIER = com.asonas.weblog.PhotoInbox;
				SDKROOT = iphoneos;
				TARGETED_DEVICE_FAMILY = 1;
			};
			name = Debug;
		};
/* End XCBuildConfiguration section */

/* Begin XCConfigurationList section */
		05069DE35E759F746D1ABBD8 /* Build configuration list for PBXNativeTarget "PhotoInboxTests" */ = {
			isa = XCConfigurationList;
			buildConfigurations = (
				36A7F0BD75B9EA34F669B765 /* Debug */,
				95CCAD3C031296A0BE357C1C /* Release */,
			);
			defaultConfigurationIsVisible = 0;
			defaultConfigurationName = Debug;
		};
		6A7F5E1B4C41E98C64288263 /* Build configuration list for PBXProject "PhotoInbox" */ = {
			isa = XCConfigurationList;
			buildConfigurations = (
				614D421E52E97DAF8B843EB5 /* Debug */,
				88B4CCD5A3558A6B2B2222DA /* Release */,
			);
			defaultConfigurationIsVisible = 0;
			defaultConfigurationName = Debug;
		};
		A4A4322220DB591C32DC99B1 /* Build configuration list for PBXNativeTarget "PhotoInbox" */ = {
			isa = XCConfigurationList;
			buildConfigurations = (
				CF6E3B470A5090E28D83C33F /* Debug */,
				8134AB722C4D998EB41E4E65 /* Release */,
			);
			defaultConfigurationIsVisible = 0;
			defaultConfigurationName = Debug;
		};
/* End XCConfigurationList section */
	};
	rootObject = B5262E24F858F8A39DC2DD6D /* Project object */;
}
